
Microsoft Visual Studio Solution File, Format Version 12.00
# Visual Studio 14
VisualStudioVersion = 14.0.25420.1
MinimumVisualStudioVersion = 10.0.40219.1
Project("{FAE04EC0-301F-11D3-BF4B-00C04F79EFBC}") = "App11", "App11\App11.csproj", "{D08DB224-14E2-4290-8959-841C22D026C3}"
EndProject
Global
	GlobalSection(SolutionConfigurationPlatforms) = preSolution
		Ad-Hoc|iPhone = Ad-Hoc|iPhone
		Ad-Hoc|iPhoneSimulator = Ad-Hoc|iPhoneSimulator
		AppStore|iPhone = AppStore|iPhone
		AppStore|iPhoneSimulator = AppStore|iPhoneSimulator
		Debug|iPhone = Debug|iPhone
		Debug|iPhoneSimulator = Debug|iPhoneSimulator
		Release|iPhone = Release|iPhone
		Release|iPhoneSimulator = Release|iPhoneSimulator
	EndGlobalSection
	GlobalSection(ProjectConfigurationPlatforms) = postSolution
		{D08DB224-14E2-4290-8959-841C22D026C3}.Ad-Hoc|iPhone.ActiveCfg = Ad-Hoc|iPhone
		{D08DB224-14E2-4290-8959-841C22D026C3}.Ad-Hoc|iPhone.Build.0 = Ad-Hoc|iPhone
		{D08DB224-14E2-4290-8959-841C22D026C3}.Ad-Hoc|iPhoneSimulator.ActiveCfg = Ad-Hoc|iPhoneSimulator
		{D08DB224-14E2-4290-8959-841C22D026C3}.Ad-Hoc|iPhoneSimulator.Build.0 = Ad-Hoc|iPhoneSimulator
		{D08DB224-14E2-4290-8959-841C22D026C3}.AppStore|iPhone.ActiveCfg = AppStore|iPhone
		{D08DB224-14E2-4290-8959-841C22D026C3}.AppStore|iPhone.Build.0 = AppStore|iPhone
		{D08DB224-14E2-4290-8959-841C22D026C3}.AppStore|iPhoneSimulator.ActiveCfg = AppStore|iPhoneSimulator
		{D08DB224-14E2-4290-8959-841C22D026C3}.AppStore|iPhoneSimulator.Build.0 = AppStore|iPhoneSimulator
		{D08DB224-14E2-4290-8959-841C22D026C3}.Debug|iPhone.ActiveCfg = Debug|iPhone
		{D08DB224-14E2-4290-8959-841C22D026C3}.Debug|iPhone.Build.0 = Debug|iPhone
		{D08DB224-14E2-4290-8959-841C22D026C3}.Debug|iPhoneSimulator.ActiveCfg = Debug|iPhoneSimulator
		{D08DB224-14E2-4290-8959-841C22D026C3}.Debug|iPhoneSimulator.Build.0 = Debug|iPhoneSimulator
		{D08DB224-14E2-4290-8959-841C22D026C3}.Release|iPhone.ActiveCfg = Release|iPhone
		{D08DB224-14E2-4290-8959-841C22D026C3}.Release|iPhone.Build.0 = Release|iPhone
		{D08DB224-14E2-4290-8959-841C22D026C3}.Release|iPhoneSimulator.ActiveCfg = Release|iPhoneSimulator
		{D08DB224-14E2-4290-8959-841C22D026C3}.Release|iPhoneSimulator.Build.0 = Release|iPhoneSimulator
	EndGlobalSection
	GlobalSection(SolutionProperties) = preSolution
		HideSolutionNode = FALSE
	EndGlobalSection
EndGlobal
