
Microsoft Visual Studio Solution File, Format Version 12.00
# Visual Studio 14
VisualStudioVersion = 14.0.24720.0
MinimumVisualStudioVersion = 10.0.40219.1
Project("{FAE04EC0-301F-11D3-BF4B-00C04F79EFBC}") = "L08_iOS", "L08_iOS\L08_iOS.csproj", "{42105C7B-60A3-4A15-92B5-1A11F8DA326C}"
EndProject
Project("{FAE04EC0-301F-11D3-BF4B-00C04F79EFBC}") = "L08_DAL", "L08_DAL\L08_DAL.csproj", "{9BE4BD64-2AF8-4F40-937D-C7F128FF6089}"
EndProject
Project("{FAE04EC0-301F-11D3-BF4B-00C04F79EFBC}") = "L08_Droid", "L08_Droid\L08_Droid.csproj", "{FD202C59-1428-47B7-B3BC-84C4153C5A57}"
EndProject
Global
	GlobalSection(SolutionConfigurationPlatforms) = preSolution
		Ad-Hoc|Any CPU = Ad-Hoc|Any CPU
		Ad-Hoc|iPhone = Ad-Hoc|iPhone
		Ad-Hoc|iPhoneSimulator = Ad-Hoc|iPhoneSimulator
		Ad-Hoc|Mixed Platforms = Ad-Hoc|Mixed Platforms
		AppStore|Any CPU = AppStore|Any CPU
		AppStore|iPhone = AppStore|iPhone
		AppStore|iPhoneSimulator = AppStore|iPhoneSimulator
		AppStore|Mixed Platforms = AppStore|Mixed Platforms
		Debug|Any CPU = Debug|Any CPU
		Debug|iPhone = Debug|iPhone
		Debug|iPhoneSimulator = Debug|iPhoneSimulator
		Debug|Mixed Platforms = Debug|Mixed Platforms
		Release|Any CPU = Release|Any CPU
		Release|iPhone = Release|iPhone
		Release|iPhoneSimulator = Release|iPhoneSimulator
		Release|Mixed Platforms = Release|Mixed Platforms
	EndGlobalSection
	GlobalSection(ProjectConfigurationPlatforms) = postSolution
		{42105C7B-60A3-4A15-92B5-1A11F8DA326C}.Ad-Hoc|Any CPU.ActiveCfg = Ad-Hoc|iPhoneSimulator
		{42105C7B-60A3-4A15-92B5-1A11F8DA326C}.Ad-Hoc|iPhone.ActiveCfg = Ad-Hoc|iPhone
		{42105C7B-60A3-4A15-92B5-1A11F8DA326C}.Ad-Hoc|iPhone.Build.0 = Ad-Hoc|iPhone
		{42105C7B-60A3-4A15-92B5-1A11F8DA326C}.Ad-Hoc|iPhoneSimulator.ActiveCfg = Ad-Hoc|iPhoneSimulator
		{42105C7B-60A3-4A15-92B5-1A11F8DA326C}.Ad-Hoc|iPhoneSimulator.Build.0 = Ad-Hoc|iPhoneSimulator
		{42105C7B-60A3-4A15-92B5-1A11F8DA326C}.Ad-Hoc|Mixed Platforms.ActiveCfg = Ad-Hoc|iPhoneSimulator
		{42105C7B-60A3-4A15-92B5-1A11F8DA326C}.Ad-Hoc|Mixed Platforms.Build.0 = Ad-Hoc|iPhoneSimulator
		{42105C7B-60A3-4A15-92B5-1A11F8DA326C}.AppStore|Any CPU.ActiveCfg = AppStore|iPhoneSimulator
		{42105C7B-60A3-4A15-92B5-1A11F8DA326C}.AppStore|iPhone.ActiveCfg = AppStore|iPhone
		{42105C7B-60A3-4A15-92B5-1A11F8DA326C}.AppStore|iPhone.Build.0 = AppStore|iPhone
		{42105C7B-60A3-4A15-92B5-1A11F8DA326C}.AppStore|iPhoneSimulator.ActiveCfg = AppStore|iPhoneSimulator
		{42105C7B-60A3-4A15-92B5-1A11F8DA326C}.AppStore|iPhoneSimulator.Build.0 = AppStore|iPhoneSimulator
		{42105C7B-60A3-4A15-92B5-1A11F8DA326C}.AppStore|Mixed Platforms.ActiveCfg = AppStore|iPhoneSimulator
		{42105C7B-60A3-4A15-92B5-1A11F8DA326C}.AppStore|Mixed Platforms.Build.0 = AppStore|iPhoneSimulator
		{42105C7B-60A3-4A15-92B5-1A11F8DA326C}.Debug|Any CPU.ActiveCfg = Debug|iPhoneSimulator
		{42105C7B-60A3-4A15-92B5-1A11F8DA326C}.Debug|iPhone.ActiveCfg = Debug|iPhone
		{42105C7B-60A3-4A15-92B5-1A11F8DA326C}.Debug|iPhone.Build.0 = Debug|iPhone
		{42105C7B-60A3-4A15-92B5-1A11F8DA326C}.Debug|iPhoneSimulator.ActiveCfg = Debug|iPhoneSimulator
		{42105C7B-60A3-4A15-92B5-1A11F8DA326C}.Debug|iPhoneSimulator.Build.0 = Debug|iPhoneSimulator
		{42105C7B-60A3-4A15-92B5-1A11F8DA326C}.Debug|Mixed Platforms.ActiveCfg = Debug|iPhoneSimulator
		{42105C7B-60A3-4A15-92B5-1A11F8DA326C}.Debug|Mixed Platforms.Build.0 = Debug|iPhoneSimulator
		{42105C7B-60A3-4A15-92B5-1A11F8DA326C}.Release|Any CPU.ActiveCfg = Release|iPhoneSimulator
		{42105C7B-60A3-4A15-92B5-1A11F8DA326C}.Release|iPhone.ActiveCfg = Release|iPhone
		{42105C7B-60A3-4A15-92B5-1A11F8DA326C}.Release|iPhone.Build.0 = Release|iPhone
		{42105C7B-60A3-4A15-92B5-1A11F8DA326C}.Release|iPhoneSimulator.ActiveCfg = Release|iPhoneSimulator
		{42105C7B-60A3-4A15-92B5-1A11F8DA326C}.Release|iPhoneSimulator.Build.0 = Release|iPhoneSimulator
		{42105C7B-60A3-4A15-92B5-1A11F8DA326C}.Release|Mixed Platforms.ActiveCfg = Release|iPhoneSimulator
		{42105C7B-60A3-4A15-92B5-1A11F8DA326C}.Release|Mixed Platforms.Build.0 = Release|iPhoneSimulator
		{9BE4BD64-2AF8-4F40-937D-C7F128FF6089}.Ad-Hoc|Any CPU.ActiveCfg = Release|Any CPU
		{9BE4BD64-2AF8-4F40-937D-C7F128FF6089}.Ad-Hoc|Any CPU.Build.0 = Release|Any CPU
		{9BE4BD64-2AF8-4F40-937D-C7F128FF6089}.Ad-Hoc|iPhone.ActiveCfg = Release|Any CPU
		{9BE4BD64-2AF8-4F40-937D-C7F128FF6089}.Ad-Hoc|iPhoneSimulator.ActiveCfg = Release|Any CPU
		{9BE4BD64-2AF8-4F40-937D-C7F128FF6089}.Ad-Hoc|Mixed Platforms.ActiveCfg = Release|Any CPU
		{9BE4BD64-2AF8-4F40-937D-C7F128FF6089}.Ad-Hoc|Mixed Platforms.Build.0 = Release|Any CPU
		{9BE4BD64-2AF8-4F40-937D-C7F128FF6089}.AppStore|Any CPU.ActiveCfg = Release|Any CPU
		{9BE4BD64-2AF8-4F40-937D-C7F128FF6089}.AppStore|Any CPU.Build.0 = Release|Any CPU
		{9BE4BD64-2AF8-4F40-937D-C7F128FF6089}.AppStore|iPhone.ActiveCfg = Release|Any CPU
		{9BE4BD64-2AF8-4F40-937D-C7F128FF6089}.AppStore|iPhoneSimulator.ActiveCfg = Release|Any CPU
		{9BE4BD64-2AF8-4F40-937D-C7F128FF6089}.AppStore|Mixed Platforms.ActiveCfg = Release|Any CPU
		{9BE4BD64-2AF8-4F40-937D-C7F128FF6089}.AppStore|Mixed Platforms.Build.0 = Release|Any CPU
		{9BE4BD64-2AF8-4F40-937D-C7F128FF6089}.Debug|Any CPU.ActiveCfg = Debug|Any CPU
		{9BE4BD64-2AF8-4F40-937D-C7F128FF6089}.Debug|Any CPU.Build.0 = Debug|Any CPU
		{9BE4BD64-2AF8-4F40-937D-C7F128FF6089}.Debug|iPhone.ActiveCfg = Debug|Any CPU
		{9BE4BD64-2AF8-4F40-937D-C7F128FF6089}.Debug|iPhoneSimulator.ActiveCfg = Debug|Any CPU
		{9BE4BD64-2AF8-4F40-937D-C7F128FF6089}.Debug|Mixed Platforms.ActiveCfg = Debug|Any CPU
		{9BE4BD64-2AF8-4F40-937D-C7F128FF6089}.Debug|Mixed Platforms.Build.0 = Debug|Any CPU
		{9BE4BD64-2AF8-4F40-937D-C7F128FF6089}.Release|Any CPU.ActiveCfg = Release|Any CPU
		{9BE4BD64-2AF8-4F40-937D-C7F128FF6089}.Release|Any CPU.Build.0 = Release|Any CPU
		{9BE4BD64-2AF8-4F40-937D-C7F128FF6089}.Release|iPhone.ActiveCfg = Release|Any CPU
		{9BE4BD64-2AF8-4F40-937D-C7F128FF6089}.Release|iPhoneSimulator.ActiveCfg = Release|Any CPU
		{9BE4BD64-2AF8-4F40-937D-C7F128FF6089}.Release|Mixed Platforms.ActiveCfg = Release|Any CPU
		{9BE4BD64-2AF8-4F40-937D-C7F128FF6089}.Release|Mixed Platforms.Build.0 = Release|Any CPU
		{FD202C59-1428-47B7-B3BC-84C4153C5A57}.Ad-Hoc|Any CPU.ActiveCfg = Release|Any CPU
		{FD202C59-1428-47B7-B3BC-84C4153C5A57}.Ad-Hoc|Any CPU.Build.0 = Release|Any CPU
		{FD202C59-1428-47B7-B3BC-84C4153C5A57}.Ad-Hoc|Any CPU.Deploy.0 = Release|Any CPU
		{FD202C59-1428-47B7-B3BC-84C4153C5A57}.Ad-Hoc|iPhone.ActiveCfg = Release|Any CPU
		{FD202C59-1428-47B7-B3BC-84C4153C5A57}.Ad-Hoc|iPhone.Build.0 = Release|Any CPU
		{FD202C59-1428-47B7-B3BC-84C4153C5A57}.Ad-Hoc|iPhone.Deploy.0 = Release|Any CPU
		{FD202C59-1428-47B7-B3BC-84C4153C5A57}.Ad-Hoc|iPhoneSimulator.ActiveCfg = Release|Any CPU
		{FD202C59-1428-47B7-B3BC-84C4153C5A57}.Ad-Hoc|iPhoneSimulator.Build.0 = Release|Any CPU
		{FD202C59-1428-47B7-B3BC-84C4153C5A57}.Ad-Hoc|iPhoneSimulator.Deploy.0 = Release|Any CPU
		{FD202C59-1428-47B7-B3BC-84C4153C5A57}.Ad-Hoc|Mixed Platforms.ActiveCfg = Release|Any CPU
		{FD202C59-1428-47B7-B3BC-84C4153C5A57}.Ad-Hoc|Mixed Platforms.Build.0 = Release|Any CPU
		{FD202C59-1428-47B7-B3BC-84C4153C5A57}.Ad-Hoc|Mixed Platforms.Deploy.0 = Release|Any CPU
		{FD202C59-1428-47B7-B3BC-84C4153C5A57}.AppStore|Any CPU.ActiveCfg = Release|Any CPU
		{FD202C59-1428-47B7-B3BC-84C4153C5A57}.AppStore|Any CPU.Build.0 = Release|Any CPU
		{FD202C59-1428-47B7-B3BC-84C4153C5A57}.AppStore|Any CPU.Deploy.0 = Release|Any CPU
		{FD202C59-1428-47B7-B3BC-84C4153C5A57}.AppStore|iPhone.ActiveCfg = Release|Any CPU
		{FD202C59-1428-47B7-B3BC-84C4153C5A57}.AppStore|iPhone.Build.0 = Release|Any CPU
		{FD202C59-1428-47B7-B3BC-84C4153C5A57}.AppStore|iPhone.Deploy.0 = Release|Any CPU
		{FD202C59-1428-47B7-B3BC-84C4153C5A57}.AppStore|iPhoneSimulator.ActiveCfg = Release|Any CPU
		{FD202C59-1428-47B7-B3BC-84C4153C5A57}.AppStore|iPhoneSimulator.Build.0 = Release|Any CPU
		{FD202C59-1428-47B7-B3BC-84C4153C5A57}.AppStore|iPhoneSimulator.Deploy.0 = Release|Any CPU
		{FD202C59-1428-47B7-B3BC-84C4153C5A57}.AppStore|Mixed Platforms.ActiveCfg = Release|Any CPU
		{FD202C59-1428-47B7-B3BC-84C4153C5A57}.AppStore|Mixed Platforms.Build.0 = Release|Any CPU
		{FD202C59-1428-47B7-B3BC-84C4153C5A57}.AppStore|Mixed Platforms.Deploy.0 = Release|Any CPU
		{FD202C59-1428-47B7-B3BC-84C4153C5A57}.Debug|Any CPU.ActiveCfg = Debug|Any CPU
		{FD202C59-1428-47B7-B3BC-84C4153C5A57}.Debug|Any CPU.Build.0 = Debug|Any CPU
		{FD202C59-1428-47B7-B3BC-84C4153C5A57}.Debug|Any CPU.Deploy.0 = Debug|Any CPU
		{FD202C59-1428-47B7-B3BC-84C4153C5A57}.Debug|iPhone.ActiveCfg = Debug|Any CPU
		{FD202C59-1428-47B7-B3BC-84C4153C5A57}.Debug|iPhone.Build.0 = Debug|Any CPU
		{FD202C59-1428-47B7-B3BC-84C4153C5A57}.Debug|iPhone.Deploy.0 = Debug|Any CPU
		{FD202C59-1428-47B7-B3BC-84C4153C5A57}.Debug|iPhoneSimulator.ActiveCfg = Debug|Any CPU
		{FD202C59-1428-47B7-B3BC-84C4153C5A57}.Debug|iPhoneSimulator.Build.0 = Debug|Any CPU
		{FD202C59-1428-47B7-B3BC-84C4153C5A57}.Debug|iPhoneSimulator.Deploy.0 = Debug|Any CPU
		{FD202C59-1428-47B7-B3BC-84C4153C5A57}.Debug|Mixed Platforms.ActiveCfg = Debug|Any CPU
		{FD202C59-1428-47B7-B3BC-84C4153C5A57}.Debug|Mixed Platforms.Build.0 = Debug|Any CPU
		{FD202C59-1428-47B7-B3BC-84C4153C5A57}.Debug|Mixed Platforms.Deploy.0 = Debug|Any CPU
		{FD202C59-1428-47B7-B3BC-84C4153C5A57}.Release|Any CPU.ActiveCfg = Release|Any CPU
		{FD202C59-1428-47B7-B3BC-84C4153C5A57}.Release|Any CPU.Build.0 = Release|Any CPU
		{FD202C59-1428-47B7-B3BC-84C4153C5A57}.Release|Any CPU.Deploy.0 = Release|Any CPU
		{FD202C59-1428-47B7-B3BC-84C4153C5A57}.Release|iPhone.ActiveCfg = Release|Any CPU
		{FD202C59-1428-47B7-B3BC-84C4153C5A57}.Release|iPhone.Build.0 = Release|Any CPU
		{FD202C59-1428-47B7-B3BC-84C4153C5A57}.Release|iPhone.Deploy.0 = Release|Any CPU
		{FD202C59-1428-47B7-B3BC-84C4153C5A57}.Release|iPhoneSimulator.ActiveCfg = Release|Any CPU
		{FD202C59-1428-47B7-B3BC-84C4153C5A57}.Release|iPhoneSimulator.Build.0 = Release|Any CPU
		{FD202C59-1428-47B7-B3BC-84C4153C5A57}.Release|iPhoneSimulator.Deploy.0 = Release|Any CPU
		{FD202C59-1428-47B7-B3BC-84C4153C5A57}.Release|Mixed Platforms.ActiveCfg = Release|Any CPU
		{FD202C59-1428-47B7-B3BC-84C4153C5A57}.Release|Mixed Platforms.Build.0 = Release|Any CPU
		{FD202C59-1428-47B7-B3BC-84C4153C5A57}.Release|Mixed Platforms.Deploy.0 = Release|Any CPU
	EndGlobalSection
	GlobalSection(SolutionProperties) = preSolution
		HideSolutionNode = FALSE
	EndGlobalSection
EndGlobal
